
Microsoft Visual Studio Solution File, Format Version 12.00
# Visual Studio Version 17
VisualStudioVersion = 17.10.35027.167
MinimumVisualStudioVersion = 10.0.40219.1
Project("{FAE04EC0-301F-11D3-BF4B-00C04F79EFBC}") = "Battleship", "Battleship\Battleship.csproj", "{F87820F0-BD33-4003-AB80-0EBA4CAC7D72}"
EndProject
Global
	GlobalSection(SolutionConfigurationPlatforms) = preSolution
		Debug|Any CPU = Debug|Any CPU
		Release|Any CPU = Release|Any CPU
	EndGlobalSection
	GlobalSection(ProjectConfigurationPlatforms) = postSolution
		{F87820F0-BD33-4003-AB80-0EBA4CAC7D72}.Debug|Any CPU.ActiveCfg = Debug|Any CPU
		{F87820F0-BD33-4003-AB80-0EBA4CAC7D72}.Debug|Any CPU.Build.0 = Debug|Any CPU
		{F87820F0-BD33-4003-AB80-0EBA4CAC7D72}.Release|Any CPU.ActiveCfg = Release|Any CPU
		{F87820F0-BD33-4003-AB80-0EBA4CAC7D72}.Release|Any CPU.Build.0 = Release|Any CPU
	EndGlobalSection
	GlobalSection(SolutionProperties) = preSolution
		HideSolutionNode = FALSE
	EndGlobalSection
	GlobalSection(ExtensibilityGlobals) = postSolution
		SolutionGuid = {D5890B7F-95C7-4DFE-8CF6-C2CD95A3679C}
	EndGlobalSection
EndGlobal
